
Microsoft Visual Studio Solution File, Format Version 12.00
# Visual Studio Version 18
VisualStudioVersion = 18.2.11415.280 d18.0
MinimumVisualStudioVersion = 10.0.40219.1
Project("{FAE04EC0-301F-11D3-BF4B-00C04F79EFBC}") = "SportShop", "SportShop.csproj", "{5FAAC79B-FC07-9C3F-2BDE-621D1EFCEA82}"
EndProject
Global
	GlobalSection(SolutionConfigurationPlatforms) = preSolution
		Debug|Any CPU = Debug|Any CPU
		Release|Any CPU = Release|Any CPU
	EndGlobalSection
	GlobalSection(ProjectConfigurationPlatforms) = postSolution
		{5FAAC79B-FC07-9C3F-2BDE-621D1EFCEA82}.Debug|Any CPU.ActiveCfg = Debug|Any CPU
		{5FAAC79B-FC07-9C3F-2BDE-621D1EFCEA82}.Debug|Any CPU.Build.0 = Debug|Any CPU
		{5FAAC79B-FC07-9C3F-2BDE-621D1EFCEA82}.Release|Any CPU.ActiveCfg = Release|Any CPU
		{5FAAC79B-FC07-9C3F-2BDE-621D1EFCEA82}.Release|Any CPU.Build.0 = Release|Any CPU
	EndGlobalSection
	GlobalSection(SolutionProperties) = preSolution
		HideSolutionNode = FALSE
	EndGlobalSection
	GlobalSection(ExtensibilityGlobals) = postSolution
		SolutionGuid = {C93B4C2E-E236-4C19-8AD6-BEC452B0F69C}
	EndGlobalSection
EndGlobal
